
Microsoft Visual Studio Solution File, Format Version 12.00
# Visual Studio Version 17
VisualStudioVersion = 17.6.33829.357
MinimumVisualStudioVersion = 10.0.40219.1
Project("{FAE04EC0-301F-11D3-BF4B-00C04F79EFBC}") = "K8sDeployTest", "K8sDeployTest\K8sDeployTest.csproj", "{0D53DBA1-7270-44E9-8E69-2D6EF23B8447}"
EndProject
Project("{E53339B2-1760-4266-BCC7-CA923CBCF16C}") = "docker-compose", "docker-compose.dcproj", "{DE5C53F3-4DC8-4674-98CA-6C2D71695C79}"
EndProject
Global
	GlobalSection(SolutionConfigurationPlatforms) = preSolution
		Debug|Any CPU = Debug|Any CPU
		Release|Any CPU = Release|Any CPU
	EndGlobalSection
	GlobalSection(ProjectConfigurationPlatforms) = postSolution
		{0D53DBA1-7270-44E9-8E69-2D6EF23B8447}.Debug|Any CPU.ActiveCfg = Debug|Any CPU
		{0D53DBA1-7270-44E9-8E69-2D6EF23B8447}.Debug|Any CPU.Build.0 = Debug|Any CPU
		{0D53DBA1-7270-44E9-8E69-2D6EF23B8447}.Release|Any CPU.ActiveCfg = Release|Any CPU
		{0D53DBA1-7270-44E9-8E69-2D6EF23B8447}.Release|Any CPU.Build.0 = Release|Any CPU
		{DE5C53F3-4DC8-4674-98CA-6C2D71695C79}.Debug|Any CPU.ActiveCfg = Debug|Any CPU
		{DE5C53F3-4DC8-4674-98CA-6C2D71695C79}.Debug|Any CPU.Build.0 = Debug|Any CPU
		{DE5C53F3-4DC8-4674-98CA-6C2D71695C79}.Release|Any CPU.ActiveCfg = Release|Any CPU
		{DE5C53F3-4DC8-4674-98CA-6C2D71695C79}.Release|Any CPU.Build.0 = Release|Any CPU
	EndGlobalSection
	GlobalSection(SolutionProperties) = preSolution
		HideSolutionNode = FALSE
	EndGlobalSection
	GlobalSection(ExtensibilityGlobals) = postSolution
		SolutionGuid = {5C663C80-06E8-4B53-B748-F5E4F52A5DD4}
	EndGlobalSection
EndGlobal
